{
    "_readme": [
        "This file locks the dependencies of your project to a known state",
        "Read more about it at https://getcomposer.org/doc/01-basic-usage.md#composer-lock-the-lock-file",
        "This file is @generated automatically"
    ],
    "hash": "1bb6bd4d36cfb6499fedde5192a409f5",
    "content-hash": "1cac3345dba5911703ca33456d5a928b",
    "packages": [
        {
            "name": "jakeasmith/http_build_url",
            "version": "1.0.1",
            "source": {
                "type": "git",
                "url": "https://github.com/jakeasmith/http_build_url.git",
                "reference": "93c273e77cb1edead0cf8bcf8cd2003428e74e37"
            },
            "dist": {
                "type": "zip",
                "url": "https://api.github.com/repos/jakeasmith/http_build_url/zipball/93c273e77cb1edead0cf8bcf8cd2003428e74e37",
                "reference": "93c273e77cb1edead0cf8bcf8cd2003428e74e37",
                "shasum": ""
            },
            "type": "library",
            "autoload": {
                "files": [
                    "src/http_build_url.php"
                ]
            },
            "notification-url": "https://packagist.org/downloads/",
            "license": [
                "MIT"
            ],
            "authors": [
                {
                    "name": "Jake A. Smith",
                    "email": "theman@jakeasmith.com"
                }
            ],
            "description": "Provides functionality for http_build_url() to environments without pecl_http.",
            "time": "2017-05-01 15:36:40"
        },
        {
            "name": "kint-php/kint",
            "version": "2.1.2",
            "source": {
                "type": "git",
                "url": "https://github.com/kint-php/kint.git",
                "reference": "1a1104729f10277b06d7db742d3c98d1881d4d7e"
            },
            "dist": {
                "type": "zip",
                "url": "https://api.github.com/repos/kint-php/kint/zipball/1a1104729f10277b06d7db742d3c98d1881d4d7e",
                "reference": "1a1104729f10277b06d7db742d3c98d1881d4d7e",
                "shasum": ""
            },
            "require": {
                "php": ">=5.1.2"
            },
            "require-dev": {
                "friendsofphp/php-cs-fixer": "^2.0",
                "phpunit/phpunit": "^4.0",
                "symfony/finder": "^2.6"
            },
            "type": "library",
            "autoload": {
                "files": [
                    "init.php"
                ],
                "classmap": [
                    "src/"
                ]
            },
            "notification-url": "https://packagist.org/downloads/",
            "license": [
                "MIT"
            ],
            "authors": [
                {
                    "name": "Rokas Šleinius",
                    "homepage": "https://github.com/raveren"
                },
                {
                    "name": "Jonathan Vollebregt",
                    "homepage": "https://github.com/jnvsor"
                },
                {
                    "name": "Contributors",
                    "homepage": "https://github.com/kint-php/kint/graphs/contributors"
                }
            ],
            "description": "Kint - debugging tool for PHP developers",
            "homepage": "https://kint-php.github.io/kint/",
            "keywords": [
                "debug",
                "kint",
                "php"
            ],
            "time": "2017-07-03 20:08:05"
        },
        {
            "name": "predis/predis",
            "version": "v1.1.1",
            "source": {
                "type": "git",
                "url": "https://github.com/nrk/predis.git",
                "reference": "f0210e38881631afeafb56ab43405a92cafd9fd1"
            },
            "dist": {
                "type": "zip",
                "url": "https://api.github.com/repos/nrk/predis/zipball/f0210e38881631afeafb56ab43405a92cafd9fd1",
                "reference": "f0210e38881631afeafb56ab43405a92cafd9fd1",
                "shasum": ""
            },
            "require": {
                "php": ">=5.3.9"
            },
            "require-dev": {
                "phpunit/phpunit": "~4.8"
            },
            "suggest": {
                "ext-curl": "Allows access to Webdis when paired with phpiredis",
                "ext-phpiredis": "Allows faster serialization and deserialization of the Redis protocol"
            },
            "type": "library",
            "autoload": {
                "psr-4": {
                    "Predis\\": "src/"
                }
            },
            "notification-url": "https://packagist.org/downloads/",
            "license": [
                "MIT"
            ],
            "authors": [
                {
                    "name": "Daniele Alessandri",
                    "email": "suppakilla@gmail.com",
                    "homepage": "http://clorophilla.net"
                }
            ],
            "description": "Flexible and feature-complete Redis client for PHP and HHVM",
            "homepage": "http://github.com/nrk/predis",
            "keywords": [
                "nosql",
                "predis",
                "redis"
            ],
            "time": "2016-06-16 16:22:20"
        }
    ],
    "packages-dev": [],
    "aliases": [],
    "minimum-stability": "stable",
    "stability-flags": [],
    "prefer-stable": false,
    "prefer-lowest": false,
    "platform": [],
    "platform-dev": []
}
